// !$*UTF8*$!
{
	archiveVersion = 1;
	classes = {
	};
	objectVersion = 50;
	objects = {

/* Begin PBXBuildFile section */
		13B11B5F22DDBD9B00CD0FBC /* Word.swift in Sources */ = {isa = PBXBuildFile; fileRef = 13B11B5E22DDBD9B00CD0FBC /* Word.swift */; };
		13B11B6522DDD07A00CD0FBC /* CustomTableViewCell.swift in Sources */ = {isa = PBXBuildFile; fileRef = 13B11B6322DDD07A00CD0FBC /* CustomTableViewCell.swift */; };
		13B11B6622DDD07A00CD0FBC /* CustomTableViewCell.xib in Resources */ = {isa = PBXBuildFile; fileRef = 13B11B6422DDD07A00CD0FBC /* CustomTableViewCell.xib */; };
		13B11B6A22DDFB9000CD0FBC /* TranslationPage.swift in Sources */ = {isa = PBXBuildFile; fileRef = 13B11B6922DDFB9000CD0FBC /* TranslationPage.swift */; };
		13B11B7322DF071000CD0FBC /* TranslationTableViewCell.swift in Sources */ = {isa = PBXBuildFile; fileRef = 13B11B7122DF071000CD0FBC /* TranslationTableViewCell.swift */; };
		13B11B7422DF071000CD0FBC /* TranslationTableViewCell.xib in Resources */ = {isa = PBXBuildFile; fileRef = 13B11B7222DF071000CD0FBC /* TranslationTableViewCell.xib */; };
		13B11B7822DF45EF00CD0FBC /* TopikPreferences.swift in Sources */ = {isa = PBXBuildFile; fileRef = 13B11B7722DF45EF00CD0FBC /* TopikPreferences.swift */; };
		13B11B7B22E0105600CD0FBC /* TopikTableViewCell.swift in Sources */ = {isa = PBXBuildFile; fileRef = 13B11B7922E0105600CD0FBC /* TopikTableViewCell.swift */; };
		13B11B7C22E0105600CD0FBC /* TopikTableViewCell.xib in Resources */ = {isa = PBXBuildFile; fileRef = 13B11B7A22E0105600CD0FBC /* TopikTableViewCell.xib */; };
		13B11B7E22E058EC00CD0FBC /* NextFeatures.swift in Sources */ = {isa = PBXBuildFile; fileRef = 13B11B7D22E058EC00CD0FBC /* NextFeatures.swift */; };
		9595D7FF22D324E100536DE2 /* AppDelegate.swift in Sources */ = {isa = PBXBuildFile; fileRef = 9595D7FE22D324E100536DE2 /* AppDelegate.swift */; };
		9595D80122D324E100536DE2 /* ViewController.swift in Sources */ = {isa = PBXBuildFile; fileRef = 9595D80022D324E100536DE2 /* ViewController.swift */; };
		9595D80422D324E100536DE2 /* Main.storyboard in Resources */ = {isa = PBXBuildFile; fileRef = 9595D80222D324E100536DE2 /* Main.storyboard */; };
		9595D80722D324E100536DE2 /* MC2_Dictionary.xcdatamodeld in Sources */ = {isa = PBXBuildFile; fileRef = 9595D80522D324E100536DE2 /* MC2_Dictionary.xcdatamodeld */; };
		9595D80922D324E200536DE2 /* Assets.xcassets in Resources */ = {isa = PBXBuildFile; fileRef = 9595D80822D324E200536DE2 /* Assets.xcassets */; };
		9595D80C22D324E200536DE2 /* LaunchScreen.storyboard in Resources */ = {isa = PBXBuildFile; fileRef = 9595D80A22D324E200536DE2 /* LaunchScreen.storyboard */; };
		95DFF28422DF238E00190D93 /* CloudKit.framework in Frameworks */ = {isa = PBXBuildFile; fileRef = 95DFF28322DF238E00190D93 /* CloudKit.framework */; };
/* End PBXBuildFile section */

/* Begin PBXFileReference section */
		13B11B5E22DDBD9B00CD0FBC /* Word.swift */ = {isa = PBXFileReference; fileEncoding = 4; lastKnownFileType = sourcecode.swift; path = Word.swift; sourceTree = "<group>"; };
		13B11B6322DDD07A00CD0FBC /* CustomTableViewCell.swift */ = {isa = PBXFileReference; fileEncoding = 4; lastKnownFileType = sourcecode.swift; path = CustomTableViewCell.swift; sourceTree = "<group>"; };
		13B11B6422DDD07A00CD0FBC /* CustomTableViewCell.xib */ = {isa = PBXFileReference; fileEncoding = 4; lastKnownFileType = file.xib; path = CustomTableViewCell.xib; sourceTree = "<group>"; };
		13B11B6922DDFB9000CD0FBC /* TranslationPage.swift */ = {isa = PBXFileReference; lastKnownFileType = sourcecode.swift; path = TranslationPage.swift; sourceTree = "<group>"; };
		13B11B7122DF071000CD0FBC /* TranslationTableViewCell.swift */ = {isa = PBXFileReference; lastKnownFileType = sourcecode.swift; path = TranslationTableViewCell.swift; sourceTree = "<group>"; };
		13B11B7222DF071000CD0FBC /* TranslationTableViewCell.xib */ = {isa = PBXFileReference; lastKnownFileType = file.xib; path = TranslationTableViewCell.xib; sourceTree = "<group>"; };
		13B11B7722DF45EF00CD0FBC /* TopikPreferences.swift */ = {isa = PBXFileReference; lastKnownFileType = sourcecode.swift; path = TopikPreferences.swift; sourceTree = "<group>"; };
		13B11B7922E0105600CD0FBC /* TopikTableViewCell.swift */ = {isa = PBXFileReference; lastKnownFileType = sourcecode.swift; path = TopikTableViewCell.swift; sourceTree = "<group>"; };
		13B11B7A22E0105600CD0FBC /* TopikTableViewCell.xib */ = {isa = PBXFileReference; lastKnownFileType = file.xib; path = TopikTableViewCell.xib; sourceTree = "<group>"; };
		13B11B7D22E058EC00CD0FBC /* NextFeatures.swift */ = {isa = PBXFileReference; lastKnownFileType = sourcecode.swift; path = NextFeatures.swift; sourceTree = "<group>"; };
		9595D7FB22D324E100536DE2 /* MC2 Dictionary.app */ = {isa = PBXFileReference; explicitFileType = wrapper.application; includeInIndex = 0; path = "MC2 Dictionary.app"; sourceTree = BUILT_PRODUCTS_DIR; };
		9595D7FE22D324E100536DE2 /* AppDelegate.swift */ = {isa = PBXFileReference; lastKnownFileType = sourcecode.swift; path = AppDelegate.swift; sourceTree = "<group>"; };
		9595D80022D324E100536DE2 /* ViewController.swift */ = {isa = PBXFileReference; lastKnownFileType = sourcecode.swift; path = ViewController.swift; sourceTree = "<group>"; };
		9595D80322D324E100536DE2 /* Base */ = {isa = PBXFileReference; lastKnownFileType = file.storyboard; name = Base; path = Base.lproj/Main.storyboard; sourceTree = "<group>"; };
		9595D80622D324E100536DE2 /* MC2_Dictionary.xcdatamodel */ = {isa = PBXFileReference; lastKnownFileType = wrapper.xcdatamodel; path = MC2_Dictionary.xcdatamodel; sourceTree = "<group>"; };
		9595D80822D324E200536DE2 /* Assets.xcassets */ = {isa = PBXFileReference; lastKnownFileType = folder.assetcatalog; path = Assets.xcassets; sourceTree = "<group>"; };
		9595D80B22D324E200536DE2 /* Base */ = {isa = PBXFileReference; lastKnownFileType = file.storyboard; name = Base; path = Base.lproj/LaunchScreen.storyboard; sourceTree = "<group>"; };
		9595D80D22D324E200536DE2 /* Info.plist */ = {isa = PBXFileReference; lastKnownFileType = text.plist.xml; path = Info.plist; sourceTree = "<group>"; };
		95DFF28122DF238A00190D93 /* MC2 Dictionary.entitlements */ = {isa = PBXFileReference; lastKnownFileType = text.plist.entitlements; path = "MC2 Dictionary.entitlements"; sourceTree = "<group>"; };
		95DFF28322DF238E00190D93 /* CloudKit.framework */ = {isa = PBXFileReference; lastKnownFileType = wrapper.framework; name = CloudKit.framework; path = System/Library/Frameworks/CloudKit.framework; sourceTree = SDKROOT; };
/* End PBXFileReference section */

/* Begin PBXFrameworksBuildPhase section */
		9595D7F822D324E100536DE2 /* Frameworks */ = {
			isa = PBXFrameworksBuildPhase;
			buildActionMask = 2147483647;
			files = (
				95DFF28422DF238E00190D93 /* CloudKit.framework in Frameworks */,
			);
			runOnlyForDeploymentPostprocessing = 0;
		};
/* End PBXFrameworksBuildPhase section */

/* Begin PBXGroup section */
		13B11B6022DDBDBF00CD0FBC /* Model */ = {
			isa = PBXGroup;
			children = (
				13B11B5E22DDBD9B00CD0FBC /* Word.swift */,
			);
			path = Model;
			sourceTree = "<group>";
		};
		13B11B6122DDBDCE00CD0FBC /* View */ = {
			isa = PBXGroup;
			children = (
				9595D80222D324E100536DE2 /* Main.storyboard */,
				13B11B6322DDD07A00CD0FBC /* CustomTableViewCell.swift */,
				13B11B6422DDD07A00CD0FBC /* CustomTableViewCell.xib */,
				9595D80A22D324E200536DE2 /* LaunchScreen.storyboard */,
				13B11B7122DF071000CD0FBC /* TranslationTableViewCell.swift */,
				13B11B7222DF071000CD0FBC /* TranslationTableViewCell.xib */,
				13B11B7922E0105600CD0FBC /* TopikTableViewCell.swift */,
				13B11B7A22E0105600CD0FBC /* TopikTableViewCell.xib */,
			);
			path = View;
			sourceTree = "<group>";
		};
		13B11B6222DDBDDF00CD0FBC /* Controller */ = {
			isa = PBXGroup;
			children = (
				9595D7FE22D324E100536DE2 /* AppDelegate.swift */,
				9595D80022D324E100536DE2 /* ViewController.swift */,
				13B11B6922DDFB9000CD0FBC /* TranslationPage.swift */,
				13B11B7722DF45EF00CD0FBC /* TopikPreferences.swift */,
				13B11B7D22E058EC00CD0FBC /* NextFeatures.swift */,
			);
			path = Controller;
			sourceTree = "<group>";
		};
		9595D7F222D324E100536DE2 = {
			isa = PBXGroup;
			children = (
				9595D7FD22D324E100536DE2 /* MC2 Dictionary */,
				9595D7FC22D324E100536DE2 /* Products */,
				95DFF28222DF238E00190D93 /* Frameworks */,
			);
			sourceTree = "<group>";
		};
		9595D7FC22D324E100536DE2 /* Products */ = {
			isa = PBXGroup;
			children = (
				9595D7FB22D324E100536DE2 /* MC2 Dictionary.app */,
			);
			name = Products;
			sourceTree = "<group>";
		};
		9595D7FD22D324E100536DE2 /* MC2 Dictionary */ = {
			isa = PBXGroup;
			children = (
				95DFF28122DF238A00190D93 /* MC2 Dictionary.entitlements */,
				13B11B6222DDBDDF00CD0FBC /* Controller */,
				13B11B6122DDBDCE00CD0FBC /* View */,
				13B11B6022DDBDBF00CD0FBC /* Model */,
				9595D80822D324E200536DE2 /* Assets.xcassets */,
				9595D80D22D324E200536DE2 /* Info.plist */,
				9595D80522D324E100536DE2 /* MC2_Dictionary.xcdatamodeld */,
			);
			path = "MC2 Dictionary";
			sourceTree = "<group>";
		};
		95DFF28222DF238E00190D93 /* Frameworks */ = {
			isa = PBXGroup;
			children = (
				95DFF28322DF238E00190D93 /* CloudKit.framework */,
			);
			name = Frameworks;
			sourceTree = "<group>";
		};
/* End PBXGroup section */

/* Begin PBXNativeTarget section */
		9595D7FA22D324E100536DE2 /* MC2 Dictionary */ = {
			isa = PBXNativeTarget;
			buildConfigurationList = 9595D81022D324E200536DE2 /* Build configuration list for PBXNativeTarget "MC2 Dictionary" */;
			buildPhases = (
				9595D7F722D324E100536DE2 /* Sources */,
				9595D7F822D324E100536DE2 /* Frameworks */,
				9595D7F922D324E100536DE2 /* Resources */,
			);
			buildRules = (
			);
			dependencies = (
			);
			name = "MC2 Dictionary";
			productName = "MC2 Dictionary";
			productReference = 9595D7FB22D324E100536DE2 /* MC2 Dictionary.app */;
			productType = "com.apple.product-type.application";
		};
/* End PBXNativeTarget section */

/* Begin PBXProject section */
		9595D7F322D324E100536DE2 /* Project object */ = {
			isa = PBXProject;
			attributes = {
				LastSwiftUpdateCheck = 1020;
				LastUpgradeCheck = 1020;
				ORGANIZATIONNAME = "Apple Dev. Academy";
				TargetAttributes = {
					9595D7FA22D324E100536DE2 = {
						CreatedOnToolsVersion = 10.2.1;
						SystemCapabilities = {
							com.apple.Push = {
								enabled = 1;
							};
							com.apple.iCloud = {
								enabled = 1;
							};
						};
					};
				};
			};
			buildConfigurationList = 9595D7F622D324E100536DE2 /* Build configuration list for PBXProject "MC2 Dictionary" */;
			compatibilityVersion = "Xcode 9.3";
			developmentRegion = en;
			hasScannedForEncodings = 0;
			knownRegions = (
				en,
				Base,
			);
			mainGroup = 9595D7F222D324E100536DE2;
			productRefGroup = 9595D7FC22D324E100536DE2 /* Products */;
			projectDirPath = "";
			projectRoot = "";
			targets = (
				9595D7FA22D324E100536DE2 /* MC2 Dictionary */,
			);
		};
/* End PBXProject section */

/* Begin PBXResourcesBuildPhase section */
		9595D7F922D324E100536DE2 /* Resources */ = {
			isa = PBXResourcesBuildPhase;
			buildActionMask = 2147483647;
			files = (
				9595D80C22D324E200536DE2 /* LaunchScreen.storyboard in Resources */,
				9595D80922D324E200536DE2 /* Assets.xcassets in Resources */,
				13B11B7422DF071000CD0FBC /* TranslationTableViewCell.xib in Resources */,
				13B11B7C22E0105600CD0FBC /* TopikTableViewCell.xib in Resources */,
				13B11B6622DDD07A00CD0FBC /* CustomTableViewCell.xib in Resources */,
				9595D80422D324E100536DE2 /* Main.storyboard in Resources */,
			);
			runOnlyForDeploymentPostprocessing = 0;
		};
/* End PBXResourcesBuildPhase section */

/* Begin PBXSourcesBuildPhase section */
		9595D7F722D324E100536DE2 /* Sources */ = {
			isa = PBXSourcesBuildPhase;
			buildActionMask = 2147483647;
			files = (
				9595D80122D324E100536DE2 /* ViewController.swift in Sources */,
				13B11B6522DDD07A00CD0FBC /* CustomTableViewCell.swift in Sources */,
				13B11B7822DF45EF00CD0FBC /* TopikPreferences.swift in Sources */,
				13B11B7B22E0105600CD0FBC /* TopikTableViewCell.swift in Sources */,
				13B11B6A22DDFB9000CD0FBC /* TranslationPage.swift in Sources */,
				13B11B5F22DDBD9B00CD0FBC /* Word.swift in Sources */,
				9595D80722D324E100536DE2 /* MC2_Dictionary.xcdatamodeld in Sources */,
				13B11B7322DF071000CD0FBC /* TranslationTableViewCell.swift in Sources */,
				9595D7FF22D324E100536DE2 /* AppDelegate.swift in Sources */,
				13B11B7E22E058EC00CD0FBC /* NextFeatures.swift in Sources */,
			);
			runOnlyForDeploymentPostprocessing = 0;
		};
/* End PBXSourcesBuildPhase section */

/* Begin PBXVariantGroup section */
		9595D80222D324E100536DE2 /* Main.storyboard */ = {
			isa = PBXVariantGroup;
			children = (
				9595D80322D324E100536DE2 /* Base */,
			);
			name = Main.storyboard;
			sourceTree = "<group>";
		};
		9595D80A22D324E200536DE2 /* LaunchScreen.storyboard */ = {
			isa = PBXVariantGroup;
			children = (
				9595D80B22D324E200536DE2 /* Base */,
			);
			name = LaunchScreen.storyboard;
			sourceTree = "<group>";
		};
/* End PBXVariantGroup section */

/* Begin XCBuildConfiguration section */
		9595D80E22D324E200536DE2 /* Debug */ = {
			isa = XCBuildConfiguration;
			buildSettings = {
				ALWAYS_SEARCH_USER_PATHS = NO;
				CLANG_ANALYZER_NONNULL = YES;
				CLANG_ANALYZER_NUMBER_OBJECT_CONVERSION = YES_AGGRESSIVE;
				CLANG_CXX_LANGUAGE_STANDARD = "gnu++14";
				CLANG_CXX_LIBRARY = "libc++";
				CLANG_ENABLE_MODULES = YES;
				CLANG_ENABLE_OBJC_ARC = YES;
				CLANG_ENABLE_OBJC_WEAK = YES;
				CLANG_WARN_BLOCK_CAPTURE_AUTORELEASING = YES;
				CLANG_WARN_BOOL_CONVERSION = YES;
				CLANG_WARN_COMMA = YES;
				CLANG_WARN_CONSTANT_CONVERSION = YES;
				CLANG_WARN_DEPRECATED_OBJC_IMPLEMENTATIONS = YES;
				CLANG_WARN_DIRECT_OBJC_ISA_USAGE = YES_ERROR;
				CLANG_WARN_DOCUMENTATION_COMMENTS = YES;
				CLANG_WARN_EMPTY_BODY = YES;
				CLANG_WARN_ENUM_CONVERSION = YES;
				CLANG_WARN_INFINITE_RECURSION = YES;
				CLANG_WARN_INT_CONVERSION = YES;
				CLANG_WARN_NON_LITERAL_NULL_CONVERSION = YES;
				CLANG_WARN_OBJC_IMPLICIT_RETAIN_SELF = YES;
				CLANG_WARN_OBJC_LITERAL_CONVERSION = YES;
				CLANG_WARN_OBJC_ROOT_CLASS = YES_ERROR;
				CLANG_WARN_RANGE_LOOP_ANALYSIS = YES;
				CLANG_WARN_STRICT_PROTOTYPES = YES;
				CLANG_WARN_SUSPICIOUS_MOVE = YES;
				CLANG_WARN_UNGUARDED_AVAILABILITY = YES_AGGRESSIVE;
				CLANG_WARN_UNREACHABLE_CODE = YES;
				CLANG_WARN__DUPLICATE_METHOD_MATCH = YES;
				CODE_SIGN_IDENTITY = "iPhone Developer";
				COPY_PHASE_STRIP = NO;
				DEBUG_INFORMATION_FORMAT = dwarf;
				ENABLE_STRICT_OBJC_MSGSEND = YES;
				ENABLE_TESTABILITY = YES;
				GCC_C_LANGUAGE_STANDARD = gnu11;
				GCC_DYNAMIC_NO_PIC = NO;
				GCC_NO_COMMON_BLOCKS = YES;
				GCC_OPTIMIZATION_LEVEL = 0;
				GCC_PREPROCESSOR_DEFINITIONS = (
					"DEBUG=1",
					"$(inherited)",
				);
				GCC_WARN_64_TO_32_BIT_CONVERSION = YES;
				GCC_WARN_ABOUT_RETURN_TYPE = YES_ERROR;
				GCC_WARN_UNDECLARED_SELECTOR = YES;
				GCC_WARN_UNINITIALIZED_AUTOS = YES_AGGRESSIVE;
				GCC_WARN_UNUSED_FUNCTION = YES;
				GCC_WARN_UNUSED_VARIABLE = YES;
				IPHONEOS_DEPLOYMENT_TARGET = 12.2;
				MTL_ENABLE_DEBUG_INFO = INCLUDE_SOURCE;
				MTL_FAST_MATH = YES;
				ONLY_ACTIVE_ARCH = YES;
				SDKROOT = iphoneos;
				SWIFT_ACTIVE_COMPILATION_CONDITIONS = DEBUG;
				SWIFT_OPTIMIZATION_LEVEL = "-Onone";
			};
			name = Debug;
		};
		9595D80F22D324E200536DE2 /* Release */ = {
			isa = XCBuildConfiguration;
			buildSettings = {
				ALWAYS_SEARCH_USER_PATHS = NO;
				CLANG_ANALYZER_NONNULL = YES;
				CLANG_ANALYZER_NUMBER_OBJECT_CONVERSION = YES_AGGRESSIVE;
				CLANG_CXX_LANGUAGE_STANDARD = "gnu++14";
				CLANG_CXX_LIBRARY = "libc++";
				CLANG_ENABLE_MODULES = YES;
				CLANG_ENABLE_OBJC_ARC = YES;
				CLANG_ENABLE_OBJC_WEAK = YES;
				CLANG_WARN_BLOCK_CAPTURE_AUTORELEASING = YES;
				CLANG_WARN_BOOL_CONVERSION = YES;
				CLANG_WARN_COMMA = YES;
				CLANG_WARN_CONSTANT_CONVERSION = YES;
				CLANG_WARN_DEPRECATED_OBJC_IMPLEMENTATIONS = YES;
				CLANG_WARN_DIRECT_OBJC_ISA_USAGE = YES_ERROR;
				CLANG_WARN_DOCUMENTATION_COMMENTS = YES;
				CLANG_WARN_EMPTY_BODY = YES;
				CLANG_WARN_ENUM_CONVERSION = YES;
				CLANG_WARN_INFINITE_RECURSION = YES;
				CLANG_WARN_INT_CONVERSION = YES;
				CLANG_WARN_NON_LITERAL_NULL_CONVERSION = YES;
				CLANG_WARN_OBJC_IMPLICIT_RETAIN_SELF = YES;
				CLANG_WARN_OBJC_LITERAL_CONVERSION = YES;
				CLANG_WARN_OBJC_ROOT_CLASS = YES_ERROR;
				CLANG_WARN_RANGE_LOOP_ANALYSIS = YES;
				CLANG_WARN_STRICT_PROTOTYPES = YES;
				CLANG_WARN_SUSPICIOUS_MOVE = YES;
				CLANG_WARN_UNGUARDED_AVAILABILITY = YES_AGGRESSIVE;
				CLANG_WARN_UNREACHABLE_CODE = YES;
				CLANG_WARN__DUPLICATE_METHOD_MATCH = YES;
				CODE_SIGN_IDENTITY = "iPhone Developer";
				COPY_PHASE_STRIP = NO;
				DEBUG_INFORMATION_FORMAT = "dwarf-with-dsym";
				ENABLE_NS_ASSERTIONS = NO;
				ENABLE_STRICT_OBJC_MSGSEND = YES;
				GCC_C_LANGUAGE_STANDARD = gnu11;
				GCC_NO_COMMON_BLOCKS = YES;
				GCC_WARN_64_TO_32_BIT_CONVERSION = YES;
				GCC_WARN_ABOUT_RETURN_TYPE = YES_ERROR;
				GCC_WARN_UNDECLARED_SELECTOR = YES;
				GCC_WARN_UNINITIALIZED_AUTOS = YES_AGGRESSIVE;
				GCC_WARN_UNUSED_FUNCTION = YES;
				GCC_WARN_UNUSED_VARIABLE = YES;
				IPHONEOS_DEPLOYMENT_TARGET = 12.2;
				MTL_ENABLE_DEBUG_INFO = NO;
				MTL_FAST_MATH = YES;
				SDKROOT = iphoneos;
				SWIFT_COMPILATION_MODE = wholemodule;
				SWIFT_OPTIMIZATION_LEVEL = "-O";
				VALIDATE_PRODUCT = YES;
			};
			name = Release;
		};
		9595D81122D324E200536DE2 /* Debug */ = {
			isa = XCBuildConfiguration;
			buildSettings = {
				ASSETCATALOG_COMPILER_APPICON_NAME = AppIcon;
				CODE_SIGN_ENTITLEMENTS = "MC2 Dictionary/MC2 Dictionary.entitlements";
				CODE_SIGN_STYLE = Automatic;
				DEVELOPMENT_TEAM = BGFK6PG7Z9;
				INFOPLIST_FILE = "MC2 Dictionary/Info.plist";
				LD_RUNPATH_SEARCH_PATHS = (
					"$(inherited)",
					"@executable_path/Frameworks",
				);
				PRODUCT_BUNDLE_IDENTIFIER = "iOS-DA.MC2-Dictionary";
				PRODUCT_NAME = "$(TARGET_NAME)";
				SWIFT_VERSION = 5.0;
				TARGETED_DEVICE_FAMILY = 1;
			};
			name = Debug;
		};
		9595D81222D324E200536DE2 /* Release */ = {
			isa = XCBuildConfiguration;
			buildSettings = {
				ASSETCATALOG_COMPILER_APPICON_NAME = AppIcon;
				CODE_SIGN_ENTITLEMENTS = "MC2 Dictionary/MC2 Dictionary.entitlements";
				CODE_SIGN_STYLE = Automatic;
				DEVELOPMENT_TEAM = BGFK6PG7Z9;
				INFOPLIST_FILE = "MC2 Dictionary/Info.plist";
				LD_RUNPATH_SEARCH_PATHS = (
					"$(inherited)",
					"@executable_path/Frameworks",
				);
				PRODUCT_BUNDLE_IDENTIFIER = "iOS-DA.MC2-Dictionary";
				PRODUCT_NAME = "$(TARGET_NAME)";
				SWIFT_VERSION = 5.0;
				TARGETED_DEVICE_FAMILY = 1;
			};
			name = Release;
		};
/* End XCBuildConfiguration section */

/* Begin XCConfigurationList section */
		9595D7F622D324E100536DE2 /* Build configuration list for PBXProject "MC2 Dictionary" */ = {
			isa = XCConfigurationList;
			buildConfigurations = (
				9595D80E22D324E200536DE2 /* Debug */,
				9595D80F22D324E200536DE2 /* Release */,
			);
			defaultConfigurationIsVisible = 0;
			defaultConfigurationName = Release;
		};
		9595D81022D324E200536DE2 /* Build configuration list for PBXNativeTarget "MC2 Dictionary" */ = {
			isa = XCConfigurationList;
			buildConfigurations = (
				9595D81122D324E200536DE2 /* Debug */,
				9595D81222D324E200536DE2 /* Release */,
			);
			defaultConfigurationIsVisible = 0;
			defaultConfigurationName = Release;
		};
/* End XCConfigurationList section */

/* Begin XCVersionGroup section */
		9595D80522D324E100536DE2 /* MC2_Dictionary.xcdatamodeld */ = {
			isa = XCVersionGroup;
			children = (
				9595D80622D324E100536DE2 /* MC2_Dictionary.xcdatamodel */,
			);
			currentVersion = 9595D80622D324E100536DE2 /* MC2_Dictionary.xcdatamodel */;
			path = MC2_Dictionary.xcdatamodeld;
			sourceTree = "<group>";
			versionGroupType = wrapper.xcdatamodel;
		};
/* End XCVersionGroup section */
	};
	rootObject = 9595D7F322D324E100536DE2 /* Project object */;
}
